# This file is generated by running "yarn install" inside your project.
# Manual changes might be lost - proceed with caution!

__metadata:
  version: 10
  cacheKey: 10c0

"@codemirror/autocomplete@npm:^6.0.0, @codemirror/autocomplete@npm:^6.18.0":
  version: 6.20.3
  resolution: "@codemirror/autocomplete@npm:6.20.3"
  dependencies:
    "@codemirror/language": "npm:^6.0.0"
    "@codemirror/state": "npm:^6.0.0"
    "@codemirror/view": "npm:^6.17.0"
    "@lezer/common": "npm:^1.0.0"
  checksum: 10c0/c8aa358d25cde007a7073fb39fd268d1908aa0f664047cc44af0f7a6b2835f227c9bd60f0c7cde5914cf2c9ef9c014fee6e322832e83d9f1c1b55872d2300b69
  languageName: node
  linkType: hard

"@codemirror/commands@npm:^6.7.0":
  version: 6.11.0
  resolution: "@codemirror/commands@npm:6.11.0"
  dependencies:
    "@codemirror/language": "npm:^6.0.0"
    "@codemirror/state": "npm:^6.7.0"
    "@codemirror/view": "npm:^6.27.0"
    "@lezer/common": "npm:^1.1.0"
  checksum: 10c0/53754247b71529abddad867dc8195b557bea23642688fd2ef23c536bda3fdf0c5dcd02d447e754b5696d1f09aeb4c15affa146812ba8986d73b3d394b6b79e75
  languageName: node
  linkType: hard

"@codemirror/lang-javascript@npm:^6.2.5":
  version: 6.2.5
  resolution: "@codemirror/lang-javascript@npm:6.2.5"
  dependencies:
    "@codemirror/autocomplete": "npm:^6.0.0"
    "@codemirror/language": "npm:^6.6.0"
    "@codemirror/lint": "npm:^6.0.0"
    "@codemirror/state": "npm:^6.0.0"
    "@codemirror/view": "npm:^6.17.0"
    "@lezer/common": "npm:^1.0.0"
    "@lezer/javascript": "npm:^1.0.0"
  checksum: 10c0/a9b10c58ad9dbcc54e17a641a114fc7718e362281dc9533828ed2a3a09270eb5677febb4ddad6d0cc2c439496f0ba0b7aa893d08de0b1ddc44df5c9ab0d7d299
  languageName: node
  linkType: hard

"@codemirror/lang-json@npm:^6.0.2":
  version: 6.0.2
  resolution: "@codemirror/lang-json@npm:6.0.2"
  dependencies:
    "@codemirror/language": "npm:^6.0.0"
    "@lezer/json": "npm:^1.0.0"
  checksum: 10c0/4a36022226557d0571c143f907638eb2d46c0f7cf96c6d9a86dac397a789efa2b387e3dd3df94bac21e27692892443b24f8129c044c9012df66e68f5080745b0
  languageName: node
  linkType: hard

"@codemirror/lang-rust@npm:^6.0.2":
  version: 6.0.2
  resolution: "@codemirror/lang-rust@npm:6.0.2"
  dependencies:
    "@codemirror/language": "npm:^6.0.0"
    "@lezer/rust": "npm:^1.0.0"
  checksum: 10c0/f0f3345c279a84572d29ee9284ac6b96abcb8521db7c2247b561dc59823adeabd529280e5313e304e11bce6f3fb57386e7859e183fb0404bd8d8a81751587695
  languageName: node
  linkType: hard

"@codemirror/language@npm:^6.0.0, @codemirror/language@npm:^6.10.0, @codemirror/language@npm:^6.6.0":
  version: 6.12.4
  resolution: "@codemirror/language@npm:6.12.4"
  dependencies:
    "@codemirror/state": "npm:^6.0.0"
    "@codemirror/view": "npm:^6.23.0"
    "@lezer/common": "npm:^1.5.0"
    "@lezer/highlight": "npm:^1.0.0"
    "@lezer/lr": "npm:^1.0.0"
    style-mod: "npm:^4.0.0"
  checksum: 10c0/1b704a66f618d96eddf5937a41996e1ab42a70b5333a90b768e5539c25b7ab822e91a93e66b14d47a886cd73b3e3e22ddf77b8f11fb2f496ebd7ba010f3c4deb
  languageName: node
  linkType: hard

"@codemirror/legacy-modes@npm:^6.5.4":
  version: 6.5.4
  resolution: "@codemirror/legacy-modes@npm:6.5.4"
  dependencies:
    "@codemirror/language": "npm:^6.0.0"
  checksum: 10c0/b6fb2304e6c4bf44205820f17d44bb10a3fe44bd085efdb67cc4a810252b59d3e6ee5b23fb73dd0b0c3fa41054d09d6840bb5e66889762c5974edf713ddacc46
  languageName: node
  linkType: hard

"@codemirror/lint@npm:^6.0.0, @codemirror/lint@npm:^6.8.0":
  version: 6.9.7
  resolution: "@codemirror/lint@npm:6.9.7"
  dependencies:
    "@codemirror/state": "npm:^6.0.0"
    "@codemirror/view": "npm:^6.42.0"
    crelt: "npm:^1.0.5"
  checksum: 10c0/5c2985e1118c96d76ccc2295e86476b6a56d4cb764e228b0d42ad08f9e2bb2f4862a2609196099d0242b639e924cd93acc1cca8ae55b4910c4f4e66856981fe0
  languageName: node
  linkType: hard

"@codemirror/state@npm:^6.0.0, @codemirror/state@npm:^6.4.0, @codemirror/state@npm:^6.7.0":
  version: 6.7.2
  resolution: "@codemirror/state@npm:6.7.2"
  dependencies:
    "@marijn/find-cluster-break": "npm:^1.0.0"
  checksum: 10c0/2033933f175c04fdea14c5daa0293c01f42ba05c16029b11f5926dc7e1d0a331639151b369f3dd768eba751b45c70b9a9a48cd10921de0ee96bd4121edf66713
  languageName: node
  linkType: hard

"@codemirror/view@npm:^6.17.0, @codemirror/view@npm:^6.23.0, @codemirror/view@npm:^6.27.0, @codemirror/view@npm:^6.34.0, @codemirror/view@npm:^6.42.0":
  version: 6.43.10
  resolution: "@codemirror/view@npm:6.43.10"
  dependencies:
    "@codemirror/state": "npm:^6.7.0"
    crelt: "npm:^1.0.6"
    style-mod: "npm:^4.1.0"
    w3c-keyname: "npm:^2.2.4"
  checksum: 10c0/03a53c16a1fe6c8cefcc4ae3e5a0ccc1f8533273df857ca67cd49b70dfc7c01f11b3db20edf7743fce7b264ff493a7da14c3ab46eb0edc89969eced14d046f93
  languageName: node
  linkType: hard

"@esbuild/aix-ppc64@npm:0.21.5":
  version: 0.21.5
  resolution: "@esbuild/aix-ppc64@npm:0.21.5"
  conditions: os=aix & cpu=ppc64
  languageName: node
  linkType: hard

"@esbuild/aix-ppc64@npm:0.28.2":
  version: 0.28.2
  resolution: "@esbuild/aix-ppc64@npm:0.28.2"
  conditions: os=aix & cpu=ppc64
  languageName: node
  linkType: hard

"@esbuild/android-arm64@npm:0.21.5":
  version: 0.21.5
  resolution: "@esbuild/android-arm64@npm:0.21.5"
  conditions: os=android & cpu=arm64
  languageName: node
  linkType: hard

"@esbuild/android-arm64@npm:0.28.2":
  version: 0.28.2
  resolution: "@esbuild/android-arm64@npm:0.28.2"
  conditions: os=android & cpu=arm64
  languageName: node
  linkType: hard

"@esbuild/android-arm@npm:0.21.5":
  version: 0.21.5
  resolution: "@esbuild/android-arm@npm:0.21.5"
  conditions: os=android & cpu=arm
  languageName: node
  linkType: hard

"@esbuild/android-arm@npm:0.28.2":
  version: 0.28.2
  resolution: "@esbuild/android-arm@npm:0.28.2"
  conditions: os=android & cpu=arm
  languageName: node
  linkType: hard

"@esbuild/android-x64@npm:0.21.5":
  version: 0.21.5
  resolution: "@esbuild/android-x64@npm:0.21.5"
  conditions: os=android & cpu=x64
  languageName: node
  linkType: hard

"@esbuild/android-x64@npm:0.28.2":
  version: 0.28.2
  resolution: "@esbuild/android-x64@npm:0.28.2"
  conditions: os=android & cpu=x64
  languageName: node
  linkType: hard

"@esbuild/darwin-arm64@npm:0.21.5":
  version: 0.21.5
  resolution: "@esbuild/darwin-arm64@npm:0.21.5"
  conditions: os=darwin & cpu=arm64
  languageName: node
  linkType: hard

"@esbuild/darwin-arm64@npm:0.28.2":
  version: 0.28.2
  resolution: "@esbuild/darwin-arm64@npm:0.28.2"
  conditions: os=darwin & cpu=arm64
  languageName: node
  linkType: hard

"@esbuild/darwin-x64@npm:0.21.5":
  version: 0.21.5
  resolution: "@esbuild/darwin-x64@npm:0.21.5"
  conditions: os=darwin & cpu=x64
  languageName: node
  linkType: hard

"@esbuild/darwin-x64@npm:0.28.2":
  version: 0.28.2
  resolution: "@esbuild/darwin-x64@npm:0.28.2"
  conditions: os=darwin & cpu=x64
  languageName: node
  linkType: hard

"@esbuild/freebsd-arm64@npm:0.21.5":
  version: 0.21.5
  resolution: "@esbuild/freebsd-arm64@npm:0.21.5"
  conditions: os=freebsd & cpu=arm64
  languageName: node
  linkType: hard

"@esbuild/freebsd-arm64@npm:0.28.2":
  version: 0.28.2
  resolution: "@esbuild/freebsd-arm64@npm:0.28.2"
  conditions: os=freebsd & cpu=arm64
  languageName: node
  linkType: hard

"@esbuild/freebsd-x64@npm:0.21.5":
  version: 0.21.5
  resolution: "@esbuild/freebsd-x64@npm:0.21.5"
  conditions: os=freebsd & cpu=x64
  languageName: node
  linkType: hard

"@esbuild/freebsd-x64@npm:0.28.2":
  version: 0.28.2
  resolution: "@esbuild/freebsd-x64@npm:0.28.2"
  conditions: os=freebsd & cpu=x64
  languageName: node
  linkType: hard

"@esbuild/linux-arm64@npm:0.21.5":
  version: 0.21.5
  resolution: "@esbuild/linux-arm64@npm:0.21.5"
  conditions: os=linux & cpu=arm64
  languageName: node
  linkType: hard

"@esbuild/linux-arm64@npm:0.28.2":
  version: 0.28.2
  resolution: "@esbuild/linux-arm64@npm:0.28.2"
  conditions: os=linux & cpu=arm64
  languageName: node
  linkType: hard

"@esbuild/linux-arm@npm:0.21.5":
  version: 0.21.5
  resolution: "@esbuild/linux-arm@npm:0.21.5"
  conditions: os=linux & cpu=arm
  languageName: node
  linkType: hard

"@esbuild/linux-arm@npm:0.28.2":
  version: 0.28.2
  resolution: "@esbuild/linux-arm@npm:0.28.2"
  conditions: os=linux & cpu=arm
  languageName: node
  linkType: hard

"@esbuild/linux-ia32@npm:0.21.5":
  version: 0.21.5
  resolution: "@esbuild/linux-ia32@npm:0.21.5"
  conditions: os=linux & cpu=ia32
  languageName: node
  linkType: hard

"@esbuild/linux-ia32@npm:0.28.2":
  version: 0.28.2
  resolution: "@esbuild/linux-ia32@npm:0.28.2"
  conditions: os=linux & cpu=ia32
  languageName: node
  linkType: hard

"@esbuild/linux-loong64@npm:0.21.5":
  version: 0.21.5
  resolution: "@esbuild/linux-loong64@npm:0.21.5"
  conditions: os=linux & cpu=loong64
  languageName: node
  linkType: hard

"@esbuild/linux-loong64@npm:0.28.2":
  version: 0.28.2
  resolution: "@esbuild/linux-loong64@npm:0.28.2"
  conditions: os=linux & cpu=loong64
  languageName: node
  linkType: hard

"@esbuild/linux-mips64el@npm:0.21.5":
  version: 0.21.5
  resolution: "@esbuild/linux-mips64el@npm:0.21.5"
  conditions: os=linux & cpu=mips64el
  languageName: node
  linkType: hard

"@esbuild/linux-mips64el@npm:0.28.2":
  version: 0.28.2
  resolution: "@esbuild/linux-mips64el@npm:0.28.2"
  conditions: os=linux & cpu=mips64el
  languageName: node
  linkType: hard

"@esbuild/linux-ppc64@npm:0.21.5":
  version: 0.21.5
  resolution: "@esbuild/linux-ppc64@npm:0.21.5"
  conditions: os=linux & cpu=ppc64
  languageName: node
  linkType: hard

"@esbuild/linux-ppc64@npm:0.28.2":
  version: 0.28.2
  resolution: "@esbuild/linux-ppc64@npm:0.28.2"
  conditions: os=linux & cpu=ppc64
  languageName: node
  linkType: hard

"@esbuild/linux-riscv64@npm:0.21.5":
  version: 0.21.5
  resolution: "@esbuild/linux-riscv64@npm:0.21.5"
  conditions: os=linux & cpu=riscv64
  languageName: node
  linkType: hard

"@esbuild/linux-riscv64@npm:0.28.2":
  version: 0.28.2
  resolution: "@esbuild/linux-riscv64@npm:0.28.2"
  conditions: os=linux & cpu=riscv64
  languageName: node
  linkType: hard

"@esbuild/linux-s390x@npm:0.21.5":
  version: 0.21.5
  resolution: "@esbuild/linux-s390x@npm:0.21.5"
  conditions: os=linux & cpu=s390x
  languageName: node
  linkType: hard

"@esbuild/linux-s390x@npm:0.28.2":
  version: 0.28.2
  resolution: "@esbuild/linux-s390x@npm:0.28.2"
  conditions: os=linux & cpu=s390x
  languageName: node
  linkType: hard

"@esbuild/linux-x64@npm:0.21.5":
  version: 0.21.5
  resolution: "@esbuild/linux-x64@npm:0.21.5"
  conditions: os=linux & cpu=x64
  languageName: node
  linkType: hard

"@esbuild/linux-x64@npm:0.28.2":
  version: 0.28.2
  resolution: "@esbuild/linux-x64@npm:0.28.2"
  conditions: os=linux & cpu=x64
  languageName: node
  linkType: hard

"@esbuild/netbsd-arm64@npm:0.28.2":
  version: 0.28.2
  resolution: "@esbuild/netbsd-arm64@npm:0.28.2"
  conditions: os=netbsd & cpu=arm64
  languageName: node
  linkType: hard

"@esbuild/netbsd-x64@npm:0.21.5":
  version: 0.21.5
  resolution: "@esbuild/netbsd-x64@npm:0.21.5"
  conditions: os=netbsd & cpu=x64
  languageName: node
  linkType: hard

"@esbuild/netbsd-x64@npm:0.28.2":
  version: 0.28.2
  resolution: "@esbuild/netbsd-x64@npm:0.28.2"
  conditions: os=netbsd & cpu=x64
  languageName: node
  linkType: hard

"@esbuild/openbsd-arm64@npm:0.28.2":
  version: 0.28.2
  resolution: "@esbuild/openbsd-arm64@npm:0.28.2"
  conditions: os=openbsd & cpu=arm64
  languageName: node
  linkType: hard

"@esbuild/openbsd-x64@npm:0.21.5":
  version: 0.21.5
  resolution: "@esbuild/openbsd-x64@npm:0.21.5"
  conditions: os=openbsd & cpu=x64
  languageName: node
  linkType: hard

"@esbuild/openbsd-x64@npm:0.28.2":
  version: 0.28.2
  resolution: "@esbuild/openbsd-x64@npm:0.28.2"
  conditions: os=openbsd & cpu=x64
  languageName: node
  linkType: hard

"@esbuild/openharmony-arm64@npm:0.28.2":
  version: 0.28.2
  resolution: "@esbuild/openharmony-arm64@npm:0.28.2"
  conditions: os=openharmony & cpu=arm64
  languageName: node
  linkType: hard

"@esbuild/sunos-x64@npm:0.21.5":
  version: 0.21.5
  resolution: "@esbuild/sunos-x64@npm:0.21.5"
  conditions: os=sunos & cpu=x64
  languageName: node
  linkType: hard

"@esbuild/sunos-x64@npm:0.28.2":
  version: 0.28.2
  resolution: "@esbuild/sunos-x64@npm:0.28.2"
  conditions: os=sunos & cpu=x64
  languageName: node
  linkType: hard

"@esbuild/win32-arm64@npm:0.21.5":
  version: 0.21.5
  resolution: "@esbuild/win32-arm64@npm:0.21.5"
  conditions: os=win32 & cpu=arm64
  languageName: node
  linkType: hard

"@esbuild/win32-arm64@npm:0.28.2":
  version: 0.28.2
  resolution: "@esbuild/win32-arm64@npm:0.28.2"
  conditions: os=win32 & cpu=arm64
  languageName: node
  linkType: hard

"@esbuild/win32-ia32@npm:0.21.5":
  version: 0.21.5
  resolution: "@esbuild/win32-ia32@npm:0.21.5"
  conditions: os=win32 & cpu=ia32
  languageName: node
  linkType: hard

"@esbuild/win32-ia32@npm:0.28.2":
  version: 0.28.2
  resolution: "@esbuild/win32-ia32@npm:0.28.2"
  conditions: os=win32 & cpu=ia32
  languageName: node
  linkType: hard

"@esbuild/win32-x64@npm:0.21.5":
  version: 0.21.5
  resolution: "@esbuild/win32-x64@npm:0.21.5"
  conditions: os=win32 & cpu=x64
  languageName: node
  linkType: hard

"@esbuild/win32-x64@npm:0.28.2":
  version: 0.28.2
  resolution: "@esbuild/win32-x64@npm:0.28.2"
  conditions: os=win32 & cpu=x64
  languageName: node
  linkType: hard

"@isaacs/fs-minipass@npm:^4.0.0":
  version: 4.0.1
  resolution: "@isaacs/fs-minipass@npm:4.0.1"
  dependencies:
    minipass: "npm:^7.0.4"
  checksum: 10c0/c25b6dc1598790d5b55c0947a9b7d111cfa92594db5296c3b907e2f533c033666f692a3939eadac17b1c7c40d362d0b0635dc874cbfe3e70db7c2b07cc97a5d2
  languageName: node
  linkType: hard

"@lezer/common@npm:^1.0.0, @lezer/common@npm:^1.1.0, @lezer/common@npm:^1.2.0, @lezer/common@npm:^1.3.0, @lezer/common@npm:^1.5.0":
  version: 1.5.2
  resolution: "@lezer/common@npm:1.5.2"
  checksum: 10c0/e39b46d74899409eab549df7942f00cd8c7f46c81ef0e2f079654ca96d262fca009927328bcd500d69270f5f09986e74768bed19c0acaadbd22f1a6c7dd9bd85
  languageName: node
  linkType: hard

"@lezer/highlight@npm:^1.0.0, @lezer/highlight@npm:^1.1.3, @lezer/highlight@npm:^1.2.3":
  version: 1.2.3
  resolution: "@lezer/highlight@npm:1.2.3"
  dependencies:
    "@lezer/common": "npm:^1.3.0"
  checksum: 10c0/3bcb4fce7a1a45b5973895d7cb2be47970a0098700f2a0970aef9878ffd37f540285a2d7388ec1f524726ec90cc5196b5701bbb9764b7e7300786d772b7d2ce2
  languageName: node
  linkType: hard

"@lezer/javascript@npm:^1.0.0":
  version: 1.5.4
  resolution: "@lezer/javascript@npm:1.5.4"
  dependencies:
    "@lezer/common": "npm:^1.2.0"
    "@lezer/highlight": "npm:^1.1.3"
    "@lezer/lr": "npm:^1.3.0"
  checksum: 10c0/77b97c546d3661223ce77af15192efad42585d01e46022222273cd0c1cb20df8063d266037ae67774f051a6cb72db49804b6a46b06b926ee541807ef01741f6a
  languageName: node
  linkType: hard

"@lezer/json@npm:^1.0.0":
  version: 1.0.3
  resolution: "@lezer/json@npm:1.0.3"
  dependencies:
    "@lezer/common": "npm:^1.2.0"
    "@lezer/highlight": "npm:^1.0.0"
    "@lezer/lr": "npm:^1.0.0"
  checksum: 10c0/e91c957cc0825e927b55fbcd233d7ee0b39f9c2a89d9475489f394b7eba2b59e5f480d157a12d5cd6ae6f14bc99f9ccd8e8113baad498199ef1b13c49105f546
  languageName: node
  linkType: hard

"@lezer/lr@npm:^1.0.0, @lezer/lr@npm:^1.3.0":
  version: 1.4.10
  resolution: "@lezer/lr@npm:1.4.10"
  dependencies:
    "@lezer/common": "npm:^1.0.0"
  checksum: 10c0/15fac0ecc02a57f111432808c89f7cfb9fed0d78d0a98742607acb5859220a9c18526dd6d509d9fe17f5ef762aa73ce29fa6b930739abb857c1df8949a9003ea
  languageName: node
  linkType: hard

"@lezer/rust@npm:^1.0.0":
  version: 1.0.2
  resolution: "@lezer/rust@npm:1.0.2"
  dependencies:
    "@lezer/common": "npm:^1.2.0"
    "@lezer/highlight": "npm:^1.0.0"
    "@lezer/lr": "npm:^1.0.0"
  checksum: 10c0/f8e1c8afe1bcd3c9eec56f48f62612903e799d48f8c9dcb99ce66977d1f965877946e35730c602459d38356d6b1d8deec1037886c09bcb40d7d1e2c673930eb7
  languageName: node
  linkType: hard

"@marijn/find-cluster-break@npm:^1.0.0":
  version: 1.0.4
  resolution: "@marijn/find-cluster-break@npm:1.0.4"
  checksum: 10c0/6b3dc07fbccacad4cb58029bae59a106dd51be91a15b2810a62e4bf7adc633091eb0a23619f4da7f83f8b52c739b6f5674e8204883d1b34798df9bbf8f472df6
  languageName: node
  linkType: hard

"@napi-rs/lzma-linux-x64-gnu@npm:1.5.1":
  version: 1.5.1
  resolution: "@napi-rs/lzma-linux-x64-gnu@npm:1.5.1"
  conditions: os=linux & cpu=x64 & libc=glibc
  languageName: node
  linkType: hard

"@rollup/rollup-android-arm-eabi@npm:4.63.1":
  version: 4.63.1
  resolution: "@rollup/rollup-android-arm-eabi@npm:4.63.1"
  conditions: os=android & cpu=arm
  languageName: node
  linkType: hard

"@rollup/rollup-android-arm64@npm:4.63.1":
  version: 4.63.1
  resolution: "@rollup/rollup-android-arm64@npm:4.63.1"
  conditions: os=android & cpu=arm64
  languageName: node
  linkType: hard

"@rollup/rollup-darwin-arm64@npm:4.63.1":
  version: 4.63.1
  resolution: "@rollup/rollup-darwin-arm64@npm:4.63.1"
  conditions: os=darwin & cpu=arm64
  languageName: node
  linkType: hard

"@rollup/rollup-darwin-x64@npm:4.63.1":
  version: 4.63.1
  resolution: "@rollup/rollup-darwin-x64@npm:4.63.1"
  conditions: os=darwin & cpu=x64
  languageName: node
  linkType: hard

"@rollup/rollup-freebsd-arm64@npm:4.63.1":
  version: 4.63.1
  resolution: "@rollup/rollup-freebsd-arm64@npm:4.63.1"
  conditions: os=freebsd & cpu=arm64
  languageName: node
  linkType: hard

"@rollup/rollup-freebsd-x64@npm:4.63.1":
  version: 4.63.1
  resolution: "@rollup/rollup-freebsd-x64@npm:4.63.1"
  conditions: os=freebsd & cpu=x64
  languageName: node
  linkType: hard

"@rollup/rollup-linux-arm-gnueabihf@npm:4.63.1":
  version: 4.63.1
  resolution: "@rollup/rollup-linux-arm-gnueabihf@npm:4.63.1"
  conditions: os=linux & cpu=arm & libc=glibc
  languageName: node
  linkType: hard

"@rollup/rollup-linux-arm-musleabihf@npm:4.63.1":
  version: 4.63.1
  resolution: "@rollup/rollup-linux-arm-musleabihf@npm:4.63.1"
  conditions: os=linux & cpu=arm & libc=musl
  languageName: node
  linkType: hard

"@rollup/rollup-linux-arm64-gnu@npm:4.63.1":
  version: 4.63.1
  resolution: "@rollup/rollup-linux-arm64-gnu@npm:4.63.1"
  conditions: os=linux & cpu=arm64 & libc=glibc
  languageName: node
  linkType: hard

"@rollup/rollup-linux-arm64-musl@npm:4.63.1":
  version: 4.63.1
  resolution: "@rollup/rollup-linux-arm64-musl@npm:4.63.1"
  conditions: os=linux & cpu=arm64 & libc=musl
  languageName: node
  linkType: hard

"@rollup/rollup-linux-loong64-gnu@npm:4.63.1":
  version: 4.63.1
  resolution: "@rollup/rollup-linux-loong64-gnu@npm:4.63.1"
  conditions: os=linux & cpu=loong64 & libc=glibc
  languageName: node
  linkType: hard

"@rollup/rollup-linux-loong64-musl@npm:4.63.1":
  version: 4.63.1
  resolution: "@rollup/rollup-linux-loong64-musl@npm:4.63.1"
  conditions: os=linux & cpu=loong64 & libc=musl
  languageName: node
  linkType: hard

"@rollup/rollup-linux-ppc64-gnu@npm:4.63.1":
  version: 4.63.1
  resolution: "@rollup/rollup-linux-ppc64-gnu@npm:4.63.1"
  conditions: os=linux & cpu=ppc64 & libc=glibc
  languageName: node
  linkType: hard

"@rollup/rollup-linux-ppc64-musl@npm:4.63.1":
  version: 4.63.1
  resolution: "@rollup/rollup-linux-ppc64-musl@npm:4.63.1"
  conditions: os=linux & cpu=ppc64 & libc=musl
  languageName: node
  linkType: hard

"@rollup/rollup-linux-riscv64-gnu@npm:4.63.1":
  version: 4.63.1
  resolution: "@rollup/rollup-linux-riscv64-gnu@npm:4.63.1"
  conditions: os=linux & cpu=riscv64 & libc=glibc
  languageName: node
  linkType: hard

"@rollup/rollup-linux-riscv64-musl@npm:4.63.1":
  version: 4.63.1
  resolution: "@rollup/rollup-linux-riscv64-musl@npm:4.63.1"
  conditions: os=linux & cpu=riscv64 & libc=musl
  languageName: node
  linkType: hard

"@rollup/rollup-linux-s390x-gnu@npm:4.63.1":
  version: 4.63.1
  resolution: "@rollup/rollup-linux-s390x-gnu@npm:4.63.1"
  conditions: os=linux & cpu=s390x & libc=glibc
  languageName: node
  linkType: hard

"@rollup/rollup-linux-x64-gnu@npm:4.63.1":
  version: 4.63.1
  resolution: "@rollup/rollup-linux-x64-gnu@npm:4.63.1"
  conditions: os=linux & cpu=x64 & libc=glibc
  languageName: node
  linkType: hard

"@rollup/rollup-linux-x64-musl@npm:4.63.1":
  version: 4.63.1
  resolution: "@rollup/rollup-linux-x64-musl@npm:4.63.1"
  conditions: os=linux & cpu=x64 & libc=musl
  languageName: node
  linkType: hard

"@rollup/rollup-openbsd-x64@npm:4.63.1":
  version: 4.63.1
  resolution: "@rollup/rollup-openbsd-x64@npm:4.63.1"
  conditions: os=openbsd & cpu=x64
  languageName: node
  linkType: hard

"@rollup/rollup-openharmony-arm64@npm:4.63.1":
  version: 4.63.1
  resolution: "@rollup/rollup-openharmony-arm64@npm:4.63.1"
  conditions: os=openharmony & cpu=arm64
  languageName: node
  linkType: hard

"@rollup/rollup-win32-arm64-msvc@npm:4.63.1":
  version: 4.63.1
  resolution: "@rollup/rollup-win32-arm64-msvc@npm:4.63.1"
  conditions: os=win32 & cpu=arm64
  languageName: node
  linkType: hard

"@rollup/rollup-win32-ia32-msvc@npm:4.63.1":
  version: 4.63.1
  resolution: "@rollup/rollup-win32-ia32-msvc@npm:4.63.1"
  conditions: os=win32 & cpu=ia32
  languageName: node
  linkType: hard

"@rollup/rollup-win32-x64-gnu@npm:4.63.1":
  version: 4.63.1
  resolution: "@rollup/rollup-win32-x64-gnu@npm:4.63.1"
  conditions: os=win32 & cpu=x64
  languageName: node
  linkType: hard

"@rollup/rollup-win32-x64-msvc@npm:4.63.1":
  version: 4.63.1
  resolution: "@rollup/rollup-win32-x64-msvc@npm:4.63.1"
  conditions: os=win32 & cpu=x64
  languageName: node
  linkType: hard

"@types/estree@npm:1.0.9":
  version: 1.0.9
  resolution: "@types/estree@npm:1.0.9"
  checksum: 10c0/3ad3286ca2988cd550dafb8f2ad599c8474868e954fa601a36655bdfefd8039f7c714b8c1c7f2ae219ffbd58bd4660e66fa7479a0120fc02d4777057d4865387
  languageName: node
  linkType: hard

"@types/node@npm:^20.19.43":
  version: 20.19.43
  resolution: "@types/node@npm:20.19.43"
  dependencies:
    undici-types: "npm:~6.21.0"
  checksum: 10c0/9bcec3b5295bdd77ff0b44a528a69f7e22028c347507ba2c69be47ec84e30299f45043b222e9c86c510e138c9c53b2419dd5cd34920602a4a5a381c288075318
  languageName: node
  linkType: hard

"abbrev@npm:^5.0.0":
  version: 5.0.0
  resolution: "abbrev@npm:5.0.0"
  checksum: 10c0/8e88f5c798ea4562d28c5a3e9ad69e3879890bc5d695d8f2dffb8609be4c890aacc8f80ef4553fdd2c6a62d70c2ce8bc57b38074e383beb7487bdafa9ed42ea5
  languageName: node
  linkType: hard

"boolbase@npm:^2.0.0":
  version: 2.0.0
  resolution: "boolbase@npm:2.0.0"
  checksum: 10c0/08b2e79d3368fc7592cf3edb0a070a7288ece00ee2c5378f63c11dbf98c3a35386b65c368bd584a9e689c450070d2dae154df7ac42e9e8f64c6853507abcb8c4
  languageName: node
  linkType: hard

"chownr@npm:^3.0.0":
  version: 3.0.0
  resolution: "chownr@npm:3.0.0"
  checksum: 10c0/43925b87700f7e3893296c8e9c56cc58f926411cce3a6e5898136daaf08f08b9a8eb76d37d3267e707d0dcc17aed2e2ebdf5848c0c3ce95cf910a919935c1b10
  languageName: node
  linkType: hard

"comline-playground@workspace:.":
  version: 0.0.0-use.local
  resolution: "comline-playground@workspace:."
  dependencies:
    "@codemirror/autocomplete": "npm:^6.18.0"
    "@codemirror/commands": "npm:^6.7.0"
    "@codemirror/lang-javascript": "npm:^6.2.5"
    "@codemirror/lang-json": "npm:^6.0.2"
    "@codemirror/lang-rust": "npm:^6.0.2"
    "@codemirror/language": "npm:^6.10.0"
    "@codemirror/legacy-modes": "npm:^6.5.4"
    "@codemirror/lint": "npm:^6.8.0"
    "@codemirror/state": "npm:^6.4.0"
    "@codemirror/view": "npm:^6.34.0"
    "@lezer/highlight": "npm:^1.2.3"
    "@types/node": "npm:^20.19.43"
    comline-simulator: "git+https://github.com/ComlineProject/simulator.git#eff27ce9b077ec411c299743b328a24089387215"
    linkedom: "npm:^0.18.13"
    tsx: "npm:^4.23.13"
    typescript: "npm:^5.6.0"
    vite: "npm:^5.4.0"
  languageName: unknown
  linkType: soft

"comline-simulator@git+https://github.com/ComlineProject/simulator.git#eff27ce9b077ec411c299743b328a24089387215":
  version: 0.0.0
  resolution: "comline-simulator@https://github.com/ComlineProject/simulator.git#commit=eff27ce9b077ec411c299743b328a24089387215"
  checksum: 10c0/4f08414f61a3720f6a169a7ab330b908755d7a1a981c0ce65c77e47ebacf50340eac00ee177595e80a810674e74551d3645d287124bd75abe1a4ef52914a6587
  languageName: node
  linkType: hard

"crelt@npm:^1.0.5, crelt@npm:^1.0.6":
  version: 1.0.7
  resolution: "crelt@npm:1.0.7"
  checksum: 10c0/5fdb5fcfa492a176c4cdaac611c131a183a91f2e6e3ea2ba2111b6891ca75bb7ba1ef81d67dab34387f5553c415d8a3d776690d3cf3ee68fca2dd3bfbed382e9
  languageName: node
  linkType: hard

"css-select@npm:^7.0.0":
  version: 7.0.0
  resolution: "css-select@npm:7.0.0"
  dependencies:
    boolbase: "npm:^2.0.0"
    css-what: "npm:^8.0.0"
    domhandler: "npm:^6.0.1"
    domutils: "npm:^4.0.2"
    nth-check: "npm:^3.0.1"
  checksum: 10c0/cf485fc635d05d1a5443984cc1c1ff079ba221fe53a7bdd7aca31813d4d5c818ce441e2fbb0043f36d7caa94eb409c22c9defd5900502a985698ede2e4e9dfa4
  languageName: node
  linkType: hard

"css-what@npm:^8.0.0":
  version: 8.0.0
  resolution: "css-what@npm:8.0.0"
  checksum: 10c0/11053f3da58abda961bf3ddc9de28a1d84e2e072a7a6873e68bfce7d0796b55800a41e31c0857b632b71d1a3fc42d0dd1d8e96237e52f43d7cfd90510040bdd4
  languageName: node
  linkType: hard

"cssom@npm:^0.5.0":
  version: 0.5.0
  resolution: "cssom@npm:0.5.0"
  checksum: 10c0/8c4121c243baf0678c65dcac29b201ff0067dfecf978de9d5c83b2ff127a8fdefd2bfd54577f5ad8c80ed7d2c8b489ae01c82023545d010c4ecb87683fb403dd
  languageName: node
  linkType: hard

"dom-serializer@npm:^2.0.0":
  version: 2.0.0
  resolution: "dom-serializer@npm:2.0.0"
  dependencies:
    domelementtype: "npm:^2.3.0"
    domhandler: "npm:^5.0.2"
    entities: "npm:^4.2.0"
  checksum: 10c0/d5ae2b7110ca3746b3643d3ef60ef823f5f078667baf530cec096433f1627ec4b6fa8c072f09d079d7cda915fd2c7bc1b7b935681e9b09e591e1e15f4040b8e2
  languageName: node
  linkType: hard

"dom-serializer@npm:^3.0.0":
  version: 3.1.1
  resolution: "dom-serializer@npm:3.1.1"
  dependencies:
    domelementtype: "npm:^3.0.0"
    domhandler: "npm:^6.0.0"
    entities: "npm:^8.0.0"
  checksum: 10c0/dc700204f0ef4a4c5a344bd8773703d5476dcca1a4af8b2d3fd9bcbbace833439b6ea3d3c48c4b387fa0b2456dd839caca354eed7f7c7f17bc47da8e217742ca
  languageName: node
  linkType: hard

"domelementtype@npm:^2.3.0":
  version: 2.3.0
  resolution: "domelementtype@npm:2.3.0"
  checksum: 10c0/686f5a9ef0fff078c1412c05db73a0dce096190036f33e400a07e2a4518e9f56b1e324f5c576a0a747ef0e75b5d985c040b0d51945ce780c0dd3c625a18cd8c9
  languageName: node
  linkType: hard

"domelementtype@npm:^3.0.0":
  version: 3.0.0
  resolution: "domelementtype@npm:3.0.0"
  checksum: 10c0/26e8ef992769c4f9bce941eb0cff7ce2ba3f1b3bf77710bb4b029055030625892e83da326cc36b1e444cf3bfdea7d1954791ee2227746387465da9929d16d954
  languageName: node
  linkType: hard

"domhandler@npm:^5.0.2, domhandler@npm:^5.0.3":
  version: 5.0.3
  resolution: "domhandler@npm:5.0.3"
  dependencies:
    domelementtype: "npm:^2.3.0"
  checksum: 10c0/bba1e5932b3e196ad6862286d76adc89a0dbf0c773e5ced1eb01f9af930c50093a084eff14b8de5ea60b895c56a04d5de8bbc4930c5543d029091916770b2d2a
  languageName: node
  linkType: hard

"domhandler@npm:^6.0.0, domhandler@npm:^6.0.1":
  version: 6.0.1
  resolution: "domhandler@npm:6.0.1"
  dependencies:
    domelementtype: "npm:^3.0.0"
  checksum: 10c0/8655204dd9612b55813d5880e3e87e134d6dfb2de4bd80f342b3c97f41b167576a8c66c0449c2423999953aedfcda290f7be253a6f9bf71e815afa85f939d44e
  languageName: node
  linkType: hard

"domutils@npm:^3.2.2":
  version: 3.2.2
  resolution: "domutils@npm:3.2.2"
  dependencies:
    dom-serializer: "npm:^2.0.0"
    domelementtype: "npm:^2.3.0"
    domhandler: "npm:^5.0.3"
  checksum: 10c0/47938f473b987ea71cd59e59626eb8666d3aa8feba5266e45527f3b636c7883cca7e582d901531961f742c519d7514636b7973353b648762b2e3bedbf235fada
  languageName: node
  linkType: hard

"domutils@npm:^4.0.2":
  version: 4.0.2
  resolution: "domutils@npm:4.0.2"
  dependencies:
    dom-serializer: "npm:^3.0.0"
    domelementtype: "npm:^3.0.0"
    domhandler: "npm:^6.0.0"
  checksum: 10c0/59827827ecf15ed1f43f4cb8db374484b6089bf40e32cb41c8e381525aeb5ef5d029e4f9d5f74a418bf3217b87a6cbabdf5b4ebed0a018bc533bd6349c46a739
  languageName: node
  linkType: hard

"entities@npm:^4.2.0":
  version: 4.5.0
  resolution: "entities@npm:4.5.0"
  checksum: 10c0/5b039739f7621f5d1ad996715e53d964035f75ad3b9a4d38c6b3804bb226e282ffeae2443624d8fdd9c47d8e926ae9ac009c54671243f0c3294c26af7cc85250
  languageName: node
  linkType: hard

"entities@npm:^7.0.1":
  version: 7.0.1
  resolution: "entities@npm:7.0.1"
  checksum: 10c0/b4fb9937bb47ecb00aaaceb9db9cdd1cc0b0fb649c0e843d05cf5dbbd2e9d2df8f98721d8b1b286445689c72af7b54a7242fc2d63ef7c9739037a8c73363e7ca
  languageName: node
  linkType: hard

"entities@npm:^8.0.0":
  version: 8.0.0
  resolution: "entities@npm:8.0.0"
  checksum: 10c0/938e631664c19451823344a351aeeafd74fae2d5fa51e4d5b6ff635afaefd4bacf0f609989888c04c42733f46ffdac15211608267ebb02488005891a4793e94d
  languageName: node
  linkType: hard

"env-paths@npm:^2.2.0":
  version: 2.2.1
  resolution: "env-paths@npm:2.2.1"
  checksum: 10c0/285325677bf00e30845e330eec32894f5105529db97496ee3f598478e50f008c5352a41a30e5e72ec9de8a542b5a570b85699cd63bd2bc646dbcb9f311d83bc4
  languageName: node
  linkType: hard

"esbuild@npm:^0.21.3":
  version: 0.21.5
  resolution: "esbuild@npm:0.21.5"
  dependencies:
    "@esbuild/aix-ppc64": "npm:0.21.5"
    "@esbuild/android-arm": "npm:0.21.5"
    "@esbuild/android-arm64": "npm:0.21.5"
    "@esbuild/android-x64": "npm:0.21.5"
    "@esbuild/darwin-arm64": "npm:0.21.5"
    "@esbuild/darwin-x64": "npm:0.21.5"
    "@esbuild/freebsd-arm64": "npm:0.21.5"
    "@esbuild/freebsd-x64": "npm:0.21.5"
    "@esbuild/linux-arm": "npm:0.21.5"
    "@esbuild/linux-arm64": "npm:0.21.5"
    "@esbuild/linux-ia32": "npm:0.21.5"
    "@esbuild/linux-loong64": "npm:0.21.5"
    "@esbuild/linux-mips64el": "npm:0.21.5"
    "@esbuild/linux-ppc64": "npm:0.21.5"
    "@esbuild/linux-riscv64": "npm:0.21.5"
    "@esbuild/linux-s390x": "npm:0.21.5"
    "@esbuild/linux-x64": "npm:0.21.5"
    "@esbuild/netbsd-x64": "npm:0.21.5"
    "@esbuild/openbsd-x64": "npm:0.21.5"
    "@esbuild/sunos-x64": "npm:0.21.5"
    "@esbuild/win32-arm64": "npm:0.21.5"
    "@esbuild/win32-ia32": "npm:0.21.5"
    "@esbuild/win32-x64": "npm:0.21.5"
  dependenciesMeta:
    "@esbuild/aix-ppc64":
      optional: true
    "@esbuild/android-arm":
      optional: true
    "@esbuild/android-arm64":
      optional: true
    "@esbuild/android-x64":
      optional: true
    "@esbuild/darwin-arm64":
      optional: true
    "@esbuild/darwin-x64":
      optional: true
    "@esbuild/freebsd-arm64":
      optional: true
    "@esbuild/freebsd-x64":
      optional: true
    "@esbuild/linux-arm":
      optional: true
    "@esbuild/linux-arm64":
      optional: true
    "@esbuild/linux-ia32":
      optional: true
    "@esbuild/linux-loong64":
      optional: true
    "@esbuild/linux-mips64el":
      optional: true
    "@esbuild/linux-ppc64":
      optional: true
    "@esbuild/linux-riscv64":
      optional: true
    "@esbuild/linux-s390x":
      optional: true
    "@esbuild/linux-x64":
      optional: true
    "@esbuild/netbsd-x64":
      optional: true
    "@esbuild/openbsd-x64":
      optional: true
    "@esbuild/sunos-x64":
      optional: true
    "@esbuild/win32-arm64":
      optional: true
    "@esbuild/win32-ia32":
      optional: true
    "@esbuild/win32-x64":
      optional: true
  bin:
    esbuild: bin/esbuild
  checksum: 10c0/fa08508adf683c3f399e8a014a6382a6b65542213431e26206c0720e536b31c09b50798747c2a105a4bbba1d9767b8d3615a74c2f7bf1ddf6d836cd11eb672de
  languageName: node
  linkType: hard

"esbuild@npm:~0.28.0":
  version: 0.28.2
  resolution: "esbuild@npm:0.28.2"
  dependencies:
    "@esbuild/aix-ppc64": "npm:0.28.2"
    "@esbuild/android-arm": "npm:0.28.2"
    "@esbuild/android-arm64": "npm:0.28.2"
    "@esbuild/android-x64": "npm:0.28.2"
    "@esbuild/darwin-arm64": "npm:0.28.2"
    "@esbuild/darwin-x64": "npm:0.28.2"
    "@esbuild/freebsd-arm64": "npm:0.28.2"
    "@esbuild/freebsd-x64": "npm:0.28.2"
    "@esbuild/linux-arm": "npm:0.28.2"
    "@esbuild/linux-arm64": "npm:0.28.2"
    "@esbuild/linux-ia32": "npm:0.28.2"
    "@esbuild/linux-loong64": "npm:0.28.2"
    "@esbuild/linux-mips64el": "npm:0.28.2"
    "@esbuild/linux-ppc64": "npm:0.28.2"
    "@esbuild/linux-riscv64": "npm:0.28.2"
    "@esbuild/linux-s390x": "npm:0.28.2"
    "@esbuild/linux-x64": "npm:0.28.2"
    "@esbuild/netbsd-arm64": "npm:0.28.2"
    "@esbuild/netbsd-x64": "npm:0.28.2"
    "@esbuild/openbsd-arm64": "npm:0.28.2"
    "@esbuild/openbsd-x64": "npm:0.28.2"
    "@esbuild/openharmony-arm64": "npm:0.28.2"
    "@esbuild/sunos-x64": "npm:0.28.2"
    "@esbuild/win32-arm64": "npm:0.28.2"
    "@esbuild/win32-ia32": "npm:0.28.2"
    "@esbuild/win32-x64": "npm:0.28.2"
  dependenciesMeta:
    "@esbuild/aix-ppc64":
      optional: true
    "@esbuild/android-arm":
      optional: true
    "@esbuild/android-arm64":
      optional: true
    "@esbuild/android-x64":
      optional: true
    "@esbuild/darwin-arm64":
      optional: true
    "@esbuild/darwin-x64":
      optional: true
    "@esbuild/freebsd-arm64":
      optional: true
    "@esbuild/freebsd-x64":
      optional: true
    "@esbuild/linux-arm":
      optional: true
    "@esbuild/linux-arm64":
      optional: true
    "@esbuild/linux-ia32":
      optional: true
    "@esbuild/linux-loong64":
      optional: true
    "@esbuild/linux-mips64el":
      optional: true
    "@esbuild/linux-ppc64":
      optional: true
    "@esbuild/linux-riscv64":
      optional: true
    "@esbuild/linux-s390x":
      optional: true
    "@esbuild/linux-x64":
      optional: true
    "@esbuild/netbsd-arm64":
      optional: true
    "@esbuild/netbsd-x64":
      optional: true
    "@esbuild/openbsd-arm64":
      optional: true
    "@esbuild/openbsd-x64":
      optional: true
    "@esbuild/openharmony-arm64":
      optional: true
    "@esbuild/sunos-x64":
      optional: true
    "@esbuild/win32-arm64":
      optional: true
    "@esbuild/win32-ia32":
      optional: true
    "@esbuild/win32-x64":
      optional: true
  bin:
    esbuild: bin/esbuild
  checksum: 10c0/9b19edb63bd7780fd2e8e65a1394a0e8a05a17d697f73f0647ffe3c134709d8dbe744ab3fd57b35c9470db268cae7678fafd3dcd3ce1f34fc590568c2433f5d2
  languageName: node
  linkType: hard

"exponential-backoff@npm:^3.1.1":
  version: 3.1.3
  resolution: "exponential-backoff@npm:3.1.3"
  checksum: 10c0/77e3ae682b7b1f4972f563c6dbcd2b0d54ac679e62d5d32f3e5085feba20483cf28bd505543f520e287a56d4d55a28d7874299941faf637e779a1aa5994d1267
  languageName: node
  linkType: hard

"fdir@npm:^6.5.0":
  version: 6.5.0
  resolution: "fdir@npm:6.5.0"
  peerDependencies:
    picomatch: ^3 || ^4
  peerDependenciesMeta:
    picomatch:
      optional: true
  checksum: 10c0/e345083c4306b3aed6cb8ec551e26c36bab5c511e99ea4576a16750ddc8d3240e63826cc624f5ae17ad4dc82e68a253213b60d556c11bfad064b7607847ed07f
  languageName: node
  linkType: hard

"fsevents@npm:~2.3.2, fsevents@npm:~2.3.3":
  version: 2.3.3
  resolution: "fsevents@npm:2.3.3"
  dependencies:
    node-gyp: "npm:latest"
  checksum: 10c0/a1f0c44595123ed717febbc478aa952e47adfc28e2092be66b8ab1635147254ca6cfe1df792a8997f22716d4cbafc73309899ff7bfac2ac3ad8cf2e4ecc3ec60
  conditions: os=darwin
  languageName: node
  linkType: hard

"fsevents@patch:fsevents@npm%3A~2.3.2#optional!builtin<compat/fsevents>, fsevents@patch:fsevents@npm%3A~2.3.3#optional!builtin<compat/fsevents>":
  version: 2.3.3
  resolution: "fsevents@patch:fsevents@npm%3A2.3.3#optional!builtin<compat/fsevents>::version=2.3.3&hash=df0bf1"
  dependencies:
    node-gyp: "npm:latest"
  conditions: os=darwin
  languageName: node
  linkType: hard

"graceful-fs@npm:^4.2.6":
  version: 4.2.11
  resolution: "graceful-fs@npm:4.2.11"
  checksum: 10c0/386d011a553e02bc594ac2ca0bd6d9e4c22d7fa8cfbfc448a6d148c59ea881b092db9dbe3547ae4b88e55f1b01f7c4a2ecc53b310c042793e63aa44cf6c257f2
  languageName: node
  linkType: hard

"html-escaper@npm:^3.0.3":
  version: 3.0.3
  resolution: "html-escaper@npm:3.0.3"
  checksum: 10c0/a042fa4139127ff7546513e90ea39cc9161a1938ce90122dbc4260d4b7252c9aa8452f4509c0c2889901b8ae9a8699179150f1f99d3f80bcf7317573c5f08f4e
  languageName: node
  linkType: hard

"htmlparser2@npm:^10.1.0":
  version: 10.1.0
  resolution: "htmlparser2@npm:10.1.0"
  dependencies:
    domelementtype: "npm:^2.3.0"
    domhandler: "npm:^5.0.3"
    domutils: "npm:^3.2.2"
    entities: "npm:^7.0.1"
  checksum: 10c0/36394e29b80cfcc5e78e0fa4d3aa21fdaac3e6778d23e5c933e625c290987cd9a724a2eb0753ab60ed0c69dfaba0ab115f0ee50fb112fd8f0c4d522e7e0089a2
  languageName: node
  linkType: hard

"isexe@npm:^4.0.0":
  version: 4.0.0
  resolution: "isexe@npm:4.0.0"
  checksum: 10c0/5884815115bceac452877659a9c7726382531592f43dc29e5d48b7c4100661aed54018cb90bd36cb2eaeba521092570769167acbb95c18d39afdccbcca06c5ce
  languageName: node
  linkType: hard

"linkedom@npm:^0.18.13":
  version: 0.18.13
  resolution: "linkedom@npm:0.18.13"
  dependencies:
    css-select: "npm:^7.0.0"
    cssom: "npm:^0.5.0"
    html-escaper: "npm:^3.0.3"
    htmlparser2: "npm:^10.1.0"
    uhyphen: "npm:^0.2.0"
  peerDependencies:
    canvas: ">= 2"
  peerDependenciesMeta:
    canvas:
      optional: true
  checksum: 10c0/c38cc20fd44942df2ecbba06c5d77f455ca4416ef915ea47a66340671ffed8802d6fea9e40ac6ee0f25b5351e75ed64fa10301d2d208ccc1c9915e8b410da71b
  languageName: node
  linkType: hard

"minipass@npm:^7.0.4, minipass@npm:^7.1.2":
  version: 7.1.3
  resolution: "minipass@npm:7.1.3"
  checksum: 10c0/539da88daca16533211ea5a9ee98dc62ff5742f531f54640dd34429e621955e91cc280a91a776026264b7f9f6735947629f920944e9c1558369e8bf22eb33fbb
  languageName: node
  linkType: hard

"minizlib@npm:^3.1.0":
  version: 3.1.0
  resolution: "minizlib@npm:3.1.0"
  dependencies:
    minipass: "npm:^7.1.2"
  checksum: 10c0/5aad75ab0090b8266069c9aabe582c021ae53eb33c6c691054a13a45db3b4f91a7fb1bd79151e6b4e9e9a86727b522527c0a06ec7d45206b745d54cd3097bcec
  languageName: node
  linkType: hard

"nanoid@npm:^3.3.17":
  version: 3.3.18
  resolution: "nanoid@npm:3.3.18"
  bin:
    nanoid: bin/nanoid.cjs
  checksum: 10c0/b994b4e396730f8be2520923284e2040d61eaee55cc6d4935ef6d38d34bafdc46133eda4d3faea5073bda545aa6079d82b886caeac5c731cf9ac18bcc1301425
  languageName: node
  linkType: hard

"node-gyp@npm:latest":
  version: 13.0.2
  resolution: "node-gyp@npm:13.0.2"
  dependencies:
    env-paths: "npm:^2.2.0"
    exponential-backoff: "npm:^3.1.1"
    graceful-fs: "npm:^4.2.6"
    nopt: "npm:^10.0.0"
    proc-log: "npm:^7.0.0"
    semver: "npm:^7.3.5"
    tar: "npm:^7.5.4"
    tinyglobby: "npm:^0.2.12"
    undici: "npm:^8.4.1"
    which: "npm:^7.0.0"
  bin:
    node-gyp: bin/node-gyp.js
  checksum: 10c0/29d33ccf47ffeeb5e7af925550b416f698a26a72eb10975c7eb5775c1d0cecacd76d164a4aa45503d3ddcece209db65c712be00423c69381a4cd14e2e6540559
  languageName: node
  linkType: hard

"nopt@npm:^10.0.0":
  version: 10.0.1
  resolution: "nopt@npm:10.0.1"
  dependencies:
    abbrev: "npm:^5.0.0"
  bin:
    nopt: bin/nopt.js
  checksum: 10c0/980d89257f9587f3e1f77877ddbf905d6aa3b738ec33e49a4fa1a059a0dd82eb28063982b150654a7ae9de386f2ead60e56172db7d37cf56de545f7392a2a26a
  languageName: node
  linkType: hard

"nth-check@npm:^3.0.1":
  version: 3.0.1
  resolution: "nth-check@npm:3.0.1"
  dependencies:
    boolbase: "npm:^2.0.0"
  checksum: 10c0/392479224b596b8fb1a2f6378d2a3401aa26577c3f7619b07409fc7d95dbfbe224458920a4ab5ce75c43b468fc7e0f60424fda950aec8159353687eb5c508f9a
  languageName: node
  linkType: hard

"picocolors@npm:^1.1.1":
  version: 1.1.1
  resolution: "picocolors@npm:1.1.1"
  checksum: 10c0/e2e3e8170ab9d7c7421969adaa7e1b31434f789afb9b3f115f6b96d91945041ac3ceb02e9ec6fe6510ff036bcc0bf91e69a1772edc0b707e12b19c0f2d6bcf58
  languageName: node
  linkType: hard

"picomatch@npm:^4.0.4":
  version: 4.0.7
  resolution: "picomatch@npm:4.0.7"
  checksum: 10c0/beb6ae02c43ae44e84883b90830196d9046b1726ead292adcf7f57945e0bb0d992d68563d87e03b484b6f3c9a5c6defda7523477f047d7f0e663f126cc01787f
  languageName: node
  linkType: hard

"postcss@npm:^8.4.43":
  version: 8.5.26
  resolution: "postcss@npm:8.5.26"
  dependencies:
    nanoid: "npm:^3.3.17"
    picocolors: "npm:^1.1.1"
    source-map-js: "npm:^1.2.1"
  checksum: 10c0/2bdafc00d96bd57b6649a52e458864a4bf58ee56cfdbe4aea1472b5cccc127e6c1ad653bd0bec50d211e650eb0b9270c80e1e72aff2e2fa40d9e7363234d6e43
  languageName: node
  linkType: hard

"proc-log@npm:^7.0.0":
  version: 7.0.0
  resolution: "proc-log@npm:7.0.0"
  checksum: 10c0/b89c2d862604f35fec795477b0c7e376feab3ba0d4f4d291c4e959567442697cf451ac557d0623c1cc38af45a78128b983410f397a10c5d3a67f76c33de4754b
  languageName: node
  linkType: hard

"rollup@npm:^4.20.0":
  version: 4.63.1
  resolution: "rollup@npm:4.63.1"
  dependencies:
    "@napi-rs/lzma-linux-x64-gnu": "npm:1.5.1"
    "@rollup/rollup-android-arm-eabi": "npm:4.63.1"
    "@rollup/rollup-android-arm64": "npm:4.63.1"
    "@rollup/rollup-darwin-arm64": "npm:4.63.1"
    "@rollup/rollup-darwin-x64": "npm:4.63.1"
    "@rollup/rollup-freebsd-arm64": "npm:4.63.1"
    "@rollup/rollup-freebsd-x64": "npm:4.63.1"
    "@rollup/rollup-linux-arm-gnueabihf": "npm:4.63.1"
    "@rollup/rollup-linux-arm-musleabihf": "npm:4.63.1"
    "@rollup/rollup-linux-arm64-gnu": "npm:4.63.1"
    "@rollup/rollup-linux-arm64-musl": "npm:4.63.1"
    "@rollup/rollup-linux-loong64-gnu": "npm:4.63.1"
    "@rollup/rollup-linux-loong64-musl": "npm:4.63.1"
    "@rollup/rollup-linux-ppc64-gnu": "npm:4.63.1"
    "@rollup/rollup-linux-ppc64-musl": "npm:4.63.1"
    "@rollup/rollup-linux-riscv64-gnu": "npm:4.63.1"
    "@rollup/rollup-linux-riscv64-musl": "npm:4.63.1"
    "@rollup/rollup-linux-s390x-gnu": "npm:4.63.1"
    "@rollup/rollup-linux-x64-gnu": "npm:4.63.1"
    "@rollup/rollup-linux-x64-musl": "npm:4.63.1"
    "@rollup/rollup-openbsd-x64": "npm:4.63.1"
    "@rollup/rollup-openharmony-arm64": "npm:4.63.1"
    "@rollup/rollup-win32-arm64-msvc": "npm:4.63.1"
    "@rollup/rollup-win32-ia32-msvc": "npm:4.63.1"
    "@rollup/rollup-win32-x64-gnu": "npm:4.63.1"
    "@rollup/rollup-win32-x64-msvc": "npm:4.63.1"
    "@types/estree": "npm:1.0.9"
    fsevents: "npm:~2.3.2"
  dependenciesMeta:
    "@napi-rs/lzma-linux-x64-gnu":
      optional: true
    "@rollup/rollup-android-arm-eabi":
      optional: true
    "@rollup/rollup-android-arm64":
      optional: true
    "@rollup/rollup-darwin-arm64":
      optional: true
    "@rollup/rollup-darwin-x64":
      optional: true
    "@rollup/rollup-freebsd-arm64":
      optional: true
    "@rollup/rollup-freebsd-x64":
      optional: true
    "@rollup/rollup-linux-arm-gnueabihf":
      optional: true
    "@rollup/rollup-linux-arm-musleabihf":
      optional: true
    "@rollup/rollup-linux-arm64-gnu":
      optional: true
    "@rollup/rollup-linux-arm64-musl":
      optional: true
    "@rollup/rollup-linux-loong64-gnu":
      optional: true
    "@rollup/rollup-linux-loong64-musl":
      optional: true
    "@rollup/rollup-linux-ppc64-gnu":
      optional: true
    "@rollup/rollup-linux-ppc64-musl":
      optional: true
    "@rollup/rollup-linux-riscv64-gnu":
      optional: true
    "@rollup/rollup-linux-riscv64-musl":
      optional: true
    "@rollup/rollup-linux-s390x-gnu":
      optional: true
    "@rollup/rollup-linux-x64-gnu":
      optional: true
    "@rollup/rollup-linux-x64-musl":
      optional: true
    "@rollup/rollup-openbsd-x64":
      optional: true
    "@rollup/rollup-openharmony-arm64":
      optional: true
    "@rollup/rollup-win32-arm64-msvc":
      optional: true
    "@rollup/rollup-win32-ia32-msvc":
      optional: true
    "@rollup/rollup-win32-x64-gnu":
      optional: true
    "@rollup/rollup-win32-x64-msvc":
      optional: true
    fsevents:
      optional: true
  bin:
    rollup: dist/bin/rollup
  checksum: 10c0/90cac5c59bdeb7762483b502f1b547057b0a5e18d044a971b9fbd5629ee262518d00c526e92244726c91e11c4fd5005e9e48359787af034035f0668bb5949ab0
  languageName: node
  linkType: hard

"semver@npm:^7.3.5":
  version: 7.8.5
  resolution: "semver@npm:7.8.5"
  bin:
    semver: bin/semver.js
  checksum: 10c0/b1f3127a5be8125a94f37188b361c212466c292c6910adce3ec106cff5dc211ccaedc4739c11bb70fda59d6fc1f040a9bca289f4e093451521a2372e5231fe0c
  languageName: node
  linkType: hard

"source-map-js@npm:^1.2.1":
  version: 1.2.1
  resolution: "source-map-js@npm:1.2.1"
  checksum: 10c0/7bda1fc4c197e3c6ff17de1b8b2c20e60af81b63a52cb32ec5a5d67a20a7d42651e2cb34ebe93833c5a2a084377e17455854fee3e21e7925c64a51b6a52b0faf
  languageName: node
  linkType: hard

"style-mod@npm:^4.0.0, style-mod@npm:^4.1.0":
  version: 4.1.3
  resolution: "style-mod@npm:4.1.3"
  checksum: 10c0/36059006ea73cd96242ca8be06b625522d488bf8caca9c18436edf77092183381f08109577a4b3d35482f3395231099f195dbc854a46ce507fbf75c484f2cfcc
  languageName: node
  linkType: hard

"tar@npm:^7.5.4":
  version: 7.5.22
  resolution: "tar@npm:7.5.22"
  dependencies:
    "@isaacs/fs-minipass": "npm:^4.0.0"
    chownr: "npm:^3.0.0"
    minipass: "npm:^7.1.2"
    minizlib: "npm:^3.1.0"
    yallist: "npm:^5.0.0"
  checksum: 10c0/1311f6be85a8157ac4c9147bae43e13923d2a1aae15e4aa1bd5239e4e03d2cf53cfe103dde7f35832fbb4c938b042856bc8e9a0afd29abd05e2d1608788c4fea
  languageName: node
  linkType: hard

"tinyglobby@npm:^0.2.12":
  version: 0.2.17
  resolution: "tinyglobby@npm:0.2.17"
  dependencies:
    fdir: "npm:^6.5.0"
    picomatch: "npm:^4.0.4"
  checksum: 10c0/7f7bb0f197c88bc4b20c231e0deca4240ca3bf313a88f5a7fee93a872b84966a4d50220947c0455ad07a60b3b360961c5b7fd979222aeb716a9f99b412002e4c
  languageName: node
  linkType: hard

"tsx@npm:^4.23.13":
  version: 4.23.13
  resolution: "tsx@npm:4.23.13"
  dependencies:
    esbuild: "npm:~0.28.0"
    fsevents: "npm:~2.3.3"
  dependenciesMeta:
    fsevents:
      optional: true
  bin:
    tsx: dist/cli.mjs
  checksum: 10c0/dc99c8988b42ec2443963a0b9051f42d068bc7e2a44e82f3b94b40539a991c5c01ea3ee049cf317d1040b2245711dd4c64ace9ac875f3b07edee29f610702e3c
  languageName: node
  linkType: hard

"typescript@npm:^5.6.0":
  version: 5.9.3
  resolution: "typescript@npm:5.9.3"
  bin:
    tsc: bin/tsc
    tsserver: bin/tsserver
  checksum: 10c0/6bd7552ce39f97e711db5aa048f6f9995b53f1c52f7d8667c1abdc1700c68a76a308f579cd309ce6b53646deb4e9a1be7c813a93baaf0a28ccd536a30270e1c5
  languageName: node
  linkType: hard

"typescript@patch:typescript@npm%3A^5.6.0#optional!builtin<compat/typescript>":
  version: 5.9.3
  resolution: "typescript@patch:typescript@npm%3A5.9.3#optional!builtin<compat/typescript>::version=5.9.3&hash=5786d5"
  bin:
    tsc: bin/tsc
    tsserver: bin/tsserver
  checksum: 10c0/ad09fdf7a756814dce65bc60c1657b40d44451346858eea230e10f2e95a289d9183b6e32e5c11e95acc0ccc214b4f36289dcad4bf1886b0adb84d711d336a430
  languageName: node
  linkType: hard

"uhyphen@npm:^0.2.0":
  version: 0.2.0
  resolution: "uhyphen@npm:0.2.0"
  checksum: 10c0/1e7129fe7a5c86445d1adf04d5c58913b5992e4899ea5553d9ddf6e7ef88af0f807a47f1bf9673b92f705276e5cf1b2c1d3852f1ab5d08ecac3382bcc3a642f9
  languageName: node
  linkType: hard

"undici-types@npm:~6.21.0":
  version: 6.21.0
  resolution: "undici-types@npm:6.21.0"
  checksum: 10c0/c01ed51829b10aa72fc3ce64b747f8e74ae9b60eafa19a7b46ef624403508a54c526ffab06a14a26b3120d055e1104d7abe7c9017e83ced038ea5cf52f8d5e04
  languageName: node
  linkType: hard

"undici@npm:^8.4.1":
  version: 8.10.1
  resolution: "undici@npm:8.10.1"
  checksum: 10c0/90ac5636aa9d22fb710a261ef05e136df6b4bd7a0122201796bd2eb59ccab6661cdf4f635e543ca04420379eafe3f4d214031bbc7623214287988881c24dad55
  languageName: node
  linkType: hard

"vite@npm:^5.4.0":
  version: 5.4.21
  resolution: "vite@npm:5.4.21"
  dependencies:
    esbuild: "npm:^0.21.3"
    fsevents: "npm:~2.3.3"
    postcss: "npm:^8.4.43"
    rollup: "npm:^4.20.0"
  peerDependencies:
    "@types/node": ^18.0.0 || >=20.0.0
    less: "*"
    lightningcss: ^1.21.0
    sass: "*"
    sass-embedded: "*"
    stylus: "*"
    sugarss: "*"
    terser: ^5.4.0
  dependenciesMeta:
    fsevents:
      optional: true
  peerDependenciesMeta:
    "@types/node":
      optional: true
    less:
      optional: true
    lightningcss:
      optional: true
    sass:
      optional: true
    sass-embedded:
      optional: true
    stylus:
      optional: true
    sugarss:
      optional: true
    terser:
      optional: true
  bin:
    vite: bin/vite.js
  checksum: 10c0/468336a1409f728b464160cbf02672e72271fb688d0e605e776b74a89d27e1029509eef3a3a6c755928d8011e474dbf234824d054d07960be5f23cd176bc72de
  languageName: node
  linkType: hard

"w3c-keyname@npm:^2.2.4":
  version: 2.2.8
  resolution: "w3c-keyname@npm:2.2.8"
  checksum: 10c0/37cf335c90efff31672ebb345577d681e2177f7ff9006a9ad47c68c5a9d265ba4a7b39d6c2599ceea639ca9315584ce4bd9c9fbf7a7217bfb7a599e71943c4c4
  languageName: node
  linkType: hard

"which@npm:^7.0.0":
  version: 7.0.0
  resolution: "which@npm:7.0.0"
  dependencies:
    isexe: "npm:^4.0.0"
  bin:
    node-which: bin/which.js
  checksum: 10c0/ca0b54f198f78bbc4b7c02e34bda8d335cb352e0adb4cbca1c37b1a957af3a879a82c4c27ca6525bc942f548d8b64f816ef6528360af9f3de55ffb9b979b620d
  languageName: node
  linkType: hard

"yallist@npm:^5.0.0":
  version: 5.0.0
  resolution: "yallist@npm:5.0.0"
  checksum: 10c0/a499c81ce6d4a1d260d4ea0f6d49ab4da09681e32c3f0472dee16667ed69d01dae63a3b81745a24bd78476ec4fcf856114cb4896ace738e01da34b2c42235416
  languageName: node
  linkType: hard
